%{"cowboy": {:git, "git://github.com/extend/cowboy.git", "ee3ad5e51005b453230804036e092e1d2ceebe4f", []},
  "cowlib": {:git, "git://github.com/extend/cowlib.git", "e2ffefe828b918486e2cd76e44c54ae9b62c616e", [ref: "0.6.2"]},
  "httpotion": {:git, "git://github.com/myfreeweb/httpotion.git", "37e180343ed21c733a1a0b740d9d8d7081b7f721", []},
  "ibrowse": {:git, "git://github.com/cmullaparthi/ibrowse.git", "7871e2ebe8811efb64e1917e2de455fa87e8dfe3", [tag: "v4.1.0"]},
  "plug": {:git, "git://github.com/elixir-lang/plug.git", "014acd6ffb2678207a2c86f868218ef2b1870123", []},
  "ranch": {:git, "git://github.com/extend/ranch.git", "3189ef2d47843945efc96c224963380462c33d40", [ref: "0.10.0"]}}
