%{"cowboy": {:git, "git://github.com/extend/cowboy.git", "5cd2f0516ad746716105f371a8b51eb71fb41d21", []},
  "cowlib": {:git, "git://github.com/extend/cowlib.git", "e2ffefe828b918486e2cd76e44c54ae9b62c616e", [ref: "0.6.2"]},
  "ex_conf": {:package, "0.1.2"},
  "exactor": {:package, "0.5.0"},
  "excoveralls": {:git, "git://github.com/parroty/excoveralls.git", "38625ea6d32d633b184284b5eb5c79e7bfc28258", []},
  "exprintf": {:package, "0.1.2"},
  "httpotion": {:git, "git://github.com/myfreeweb/httpotion.git", "c20be2e821c08e607b9c0247c83e909d178ee6c0", []},
  "ibrowse": {:git, "git://github.com/cmullaparthi/ibrowse.git", "7871e2ebe8811efb64e1917e2de455fa87e8dfe3", [tag: "v4.1.0"]},
  "inflex": {:package, "0.2.3"},
  "jazz": {:package, "0.1.1"},
  "jsex": {:package, "2.0.0"},
  "jsx": {:package, "2.0.4"},
  "phoenix": {:package, "0.2.10"},
  "plug": {:package, "0.5.0"},
  "ranch": {:git, "git://github.com/extend/ranch.git", "3189ef2d47843945efc96c224963380462c33d40", [ref: "0.10.0"]}}
